
Microsoft Visual Studio Solution File, Format Version 12.00
# Visual Studio Version 17
VisualStudioVersion = 17.2.32516.85
MinimumVisualStudioVersion = 10.0.40219.1
Project("{FAE04EC0-301F-11D3-BF4B-00C04F79EFBC}") = "FinalProject.DataModel", "FinalProject.DataModel\FinalProject.DataModel.csproj", "{0105A322-48B6-4A27-AE1D-D2C4C1D3178F}"
EndProject
Project("{FAE04EC0-301F-11D3-BF4B-00C04F79EFBC}") = "ProductApp.App", "ProductApp.App\ProductApp.App.csproj", "{6CDCAFBA-CD42-449B-A569-9F4757FB6193}"
EndProject
Global
	GlobalSection(SolutionConfigurationPlatforms) = preSolution
		Debug|Any CPU = Debug|Any CPU
		Release|Any CPU = Release|Any CPU
	EndGlobalSection
	GlobalSection(ProjectConfigurationPlatforms) = postSolution
		{0105A322-48B6-4A27-AE1D-D2C4C1D3178F}.Debug|Any CPU.ActiveCfg = Debug|Any CPU
		{0105A322-48B6-4A27-AE1D-D2C4C1D3178F}.Debug|Any CPU.Build.0 = Debug|Any CPU
		{0105A322-48B6-4A27-AE1D-D2C4C1D3178F}.Release|Any CPU.ActiveCfg = Release|Any CPU
		{0105A322-48B6-4A27-AE1D-D2C4C1D3178F}.Release|Any CPU.Build.0 = Release|Any CPU
		{6CDCAFBA-CD42-449B-A569-9F4757FB6193}.Debug|Any CPU.ActiveCfg = Debug|Any CPU
		{6CDCAFBA-CD42-449B-A569-9F4757FB6193}.Debug|Any CPU.Build.0 = Debug|Any CPU
		{6CDCAFBA-CD42-449B-A569-9F4757FB6193}.Release|Any CPU.ActiveCfg = Release|Any CPU
		{6CDCAFBA-CD42-449B-A569-9F4757FB6193}.Release|Any CPU.Build.0 = Release|Any CPU
	EndGlobalSection
	GlobalSection(SolutionProperties) = preSolution
		HideSolutionNode = FALSE
	EndGlobalSection
	GlobalSection(ExtensibilityGlobals) = postSolution
		SolutionGuid = {09BD99B0-B543-45BC-8099-4E6CEE2F68E3}
	EndGlobalSection
EndGlobal
